
Microsoft Visual Studio Solution File, Format Version 12.00
# Visual Studio 15
VisualStudioVersion = 15.0.28010.2003
MinimumVisualStudioVersion = 10.0.40219.1
Project("{FAE04EC0-301F-11D3-BF4B-00C04F79EFBC}") = "Mejoramiento2.Android", "Mejoramiento2\Mejoramiento2.Android\Mejoramiento2.Android.csproj", "{AD5AF061-857F-4C8D-B461-D5B25F52F0F4}"
EndProject
Project("{FAE04EC0-301F-11D3-BF4B-00C04F79EFBC}") = "Mejoramiento2", "Mejoramiento2\Mejoramiento2\Mejoramiento2.csproj", "{F904D8C3-20E0-4F3B-813D-05139521E7A9}"
EndProject
Global
	GlobalSection(SolutionConfigurationPlatforms) = preSolution
		Debug|Any CPU = Debug|Any CPU
		Release|Any CPU = Release|Any CPU
	EndGlobalSection
	GlobalSection(ProjectConfigurationPlatforms) = postSolution
		{AD5AF061-857F-4C8D-B461-D5B25F52F0F4}.Debug|Any CPU.ActiveCfg = Debug|Any CPU
		{AD5AF061-857F-4C8D-B461-D5B25F52F0F4}.Debug|Any CPU.Build.0 = Debug|Any CPU
		{AD5AF061-857F-4C8D-B461-D5B25F52F0F4}.Debug|Any CPU.Deploy.0 = Debug|Any CPU
		{AD5AF061-857F-4C8D-B461-D5B25F52F0F4}.Release|Any CPU.ActiveCfg = Release|Any CPU
		{AD5AF061-857F-4C8D-B461-D5B25F52F0F4}.Release|Any CPU.Build.0 = Release|Any CPU
		{AD5AF061-857F-4C8D-B461-D5B25F52F0F4}.Release|Any CPU.Deploy.0 = Release|Any CPU
		{F904D8C3-20E0-4F3B-813D-05139521E7A9}.Debug|Any CPU.ActiveCfg = Debug|Any CPU
		{F904D8C3-20E0-4F3B-813D-05139521E7A9}.Debug|Any CPU.Build.0 = Debug|Any CPU
		{F904D8C3-20E0-4F3B-813D-05139521E7A9}.Debug|Any CPU.Deploy.0 = Debug|Any CPU
		{F904D8C3-20E0-4F3B-813D-05139521E7A9}.Release|Any CPU.ActiveCfg = Release|Any CPU
		{F904D8C3-20E0-4F3B-813D-05139521E7A9}.Release|Any CPU.Build.0 = Release|Any CPU
		{F904D8C3-20E0-4F3B-813D-05139521E7A9}.Release|Any CPU.Deploy.0 = Release|Any CPU
	EndGlobalSection
	GlobalSection(SolutionProperties) = preSolution
		HideSolutionNode = FALSE
	EndGlobalSection
	GlobalSection(ExtensibilityGlobals) = postSolution
		SolutionGuid = {DDE28DEB-AA86-40C2-B3A5-ADD021CA8949}
	EndGlobalSection
EndGlobal
